dependencies:
- name: datadog-crds
  repository: https://helm.datadoghq.com
  version: 0.1.1
- name: kube-state-metrics
  repository: https://kubernetes.github.io/kube-state-metrics
  version: 2.13.2
digest: sha256:72d892d28b7e49a0e3b845cf6f2f69e993e6437fb7507cdf68f1cc4156a77fb4
generated: "2021-06-08T22:35:35.420088743+09:00"
