dependencies:
- name: datadog-crds
  repository: https://helm.datadoghq.com
  version: 2.13.1
- name: kube-state-metrics
  repository: https://prometheus-community.github.io/helm-charts
  version: 2.13.2
- name: datadog-csi-driver
  repository: https://helm.datadoghq.com
  version: 0.4.3
- name: datadog-operator
  repository: https://helm.datadoghq.com
  version: 2.16.0-dev.2
digest: sha256:83fa2a7d3f700bbf53889a01aaa081ff594bcbc9c5bb9e1943629aa322bd31be
generated: "2025-12-08T13:40:31.96708-05:00"
